
Microsoft Visual Studio Solution File, Format Version 12.00
# Visual Studio Version 17
VisualStudioVersion = 17.1.32120.378
MinimumVisualStudioVersion = 10.0.40219.1
Project("{FAE04EC0-301F-11D3-BF4B-00C04F79EFBC}") = "dsd03Ass2MVC", "dsd03Ass2MVC.csproj", "{1DA03792-DB55-4FA2-8030-A84DEF1EDACF}"
EndProject
Global
	GlobalSection(SolutionConfigurationPlatforms) = preSolution
		Debug|Any CPU = Debug|Any CPU
		Release|Any CPU = Release|Any CPU
	EndGlobalSection
	GlobalSection(ProjectConfigurationPlatforms) = postSolution
		{1DA03792-DB55-4FA2-8030-A84DEF1EDACF}.Debug|Any CPU.ActiveCfg = Debug|Any CPU
		{1DA03792-DB55-4FA2-8030-A84DEF1EDACF}.Debug|Any CPU.Build.0 = Debug|Any CPU
		{1DA03792-DB55-4FA2-8030-A84DEF1EDACF}.Release|Any CPU.ActiveCfg = Release|Any CPU
		{1DA03792-DB55-4FA2-8030-A84DEF1EDACF}.Release|Any CPU.Build.0 = Release|Any CPU
	EndGlobalSection
	GlobalSection(SolutionProperties) = preSolution
		HideSolutionNode = FALSE
	EndGlobalSection
	GlobalSection(ExtensibilityGlobals) = postSolution
		SolutionGuid = {97B1A3AB-9EC3-4976-9A36-23F2FE9D40E2}
	EndGlobalSection
EndGlobal
